PODS:
  - AWSAPIGateway (2.6.23):
    - AWSCore (= 2.6.23)
  - AWSAuthCore (2.6.23):
    - AWSCore (= 2.6.23)
  - AWSAuthUI (2.6.23):
    - AWSAuthCore (= 2.6.23)
    - AWSCore (= 2.6.23)
  - AWSCognitoIdentityProvider (2.6.23):
    - AWSCognitoIdentityProviderASF (= 1.0.1)
    - AWSCore (= 2.6.23)
  - AWSCognitoIdentityProviderASF (1.0.1)
  - AWSCore (2.6.23)
  - AWSFacebookSignIn (2.6.23):
    - AWSAuthCore (= 2.6.23)
    - FBSDKCoreKit (~> 4.0)
    - FBSDKLoginKit (~> 4.0)
  - AWSGoogleSignIn (2.6.23):
    - AWSAuthCore (= 2.6.23)
  - AWSMobileClient (2.6.23):
    - AWSAuthCore (= 2.6.23)
  - AWSPinpoint (2.6.23):
    - AWSCore (= 2.6.23)
  - AWSS3 (2.6.23):
    - AWSCore (= 2.6.23)
  - AWSUserPoolsSignIn (2.6.23):
    - AWSAuthCore (= 2.6.23)
    - AWSCognitoIdentityProvider (= 2.6.23)
  - Bolts (1.9.0):
    - Bolts/AppLinks (= 1.9.0)
    - Bolts/Tasks (= 1.9.0)
  - Bolts/AppLinks (1.9.0):
    - Bolts/Tasks
  - Bolts/Tasks (1.9.0)
  - FBSDKCoreKit (4.34.0):
    - Bolts (~> 1.7)
  - FBSDKLoginKit (4.34.0):
    - FBSDKCoreKit
  - FBSDKShareKit (4.34.0):
    - FBSDKCoreKit (~> 4.34.0)
  - IQKeyboardManagerSwift (6.0.4)

DEPENDENCIES:
  - AWSAPIGateway
  - AWSAuthUI (~> 2.6.13)
  - AWSFacebookSignIn (~> 2.6.13)
  - AWSGoogleSignIn (~> 2.6.13)
  - AWSMobileClient (~> 2.6.13)
  - AWSPinpoint
  - AWSS3
  - AWSUserPoolsSignIn (~> 2.6.13)
  - FBSDKCoreKit
  - FBSDKLoginKit
  - FBSDKShareKit
  - IQKeyboardManagerSwift

SPEC REPOS:
  https://github.com/CocoaPods/Specs.git:
    - AWSAPIGateway
    - AWSAuthCore
    - AWSAuthUI
    - AWSCognitoIdentityProvider
    - AWSCognitoIdentityProviderASF
    - AWSCore
    - AWSFacebookSignIn
    - AWSGoogleSignIn
    - AWSMobileClient
    - AWSPinpoint
    - AWSS3
    - AWSUserPoolsSignIn
    - Bolts
    - FBSDKCoreKit
    - FBSDKLoginKit
    - FBSDKShareKit
    - IQKeyboardManagerSwift

SPEC CHECKSUMS:
  AWSAPIGateway: d37c2c069e8821c11f8e1cf50cd35e4de8c0d568
  AWSAuthCore: 2db4c4f3db70e5789193b602e0392d25da6aca4e
  AWSAuthUI: 0ac83168ce36d55367b3755acf8af7d29a533b3f
  AWSCognitoIdentityProvider: 605ea825077825717418e37fba27d5cd23958ea2
  AWSCognitoIdentityProviderASF: f94f1a502e72ef3d0a1de93e10bf7a79c8698118
  AWSCore: d56f69d7312e652e51c70f3b25e1687a5c2d06ca
  AWSFacebookSignIn: a6c0b1f211a31404fa74a15b90937b8e200b19c8
  AWSGoogleSignIn: 1856e4f747222217c7639b674862907acb1458e6
  AWSMobileClient: c94ca9856f99e99a4813ebc7f4c19cecce7f06c8
  AWSPinpoint: 198ece283bc4b5b7dc8e08dfb3415b6225203e7f
  AWSS3: 198942f234628f1ad1c373725d65c33ebfe87af6
  AWSUserPoolsSignIn: a101355358dec050f2ee2e81302e6011e2a95093
  Bolts: ac6567323eac61e203f6a9763667d0f711be34c8
  FBSDKCoreKit: 0ff57f093b85c8c9d5aba697d3edf68a8960ce78
  FBSDKLoginKit: 8c78f57a145afb756e4755e69195ebe08a42466e
  FBSDKShareKit: 511d1dfc71204c0a8d69e6c5e3c964dcf0d4f3d9
  IQKeyboardManagerSwift: 36dbe324b4f9793f5f41ba5227f3e7c76dfefd50

PODFILE CHECKSUM: f7986ec511c982ebeb5c3f52ff5782d7e0a7b114

COCOAPODS: 1.5.0
